<?xml version="1.0" encoding="utf-8"?>
<Project ToolsVersion="4.0" xmlns="http://schemas.microsoft.com/developer/msbuild/2003">
  <ItemGroup>
    <Filter Include="Source Files">
      <UniqueIdentifier>{4FC737F1-C7A5-4376-A066-2A32D752A2FF}</UniqueIdentifier>
      <Extensions>cpp;c;cc;cxx;def;odl;idl;hpj;bat;asm;asmx</Extensions>
    </Filter>
    <Filter Include="Header Files">
      <UniqueIdentifier>{93995380-89BD-4b04-88EB-625FBE52EBFB}</UniqueIdentifier>
      <Extensions>h;hh;hpp;hxx;hm;inl;inc;xsd</Extensions>
    </Filter>
    <Filter Include="Resource Files">
      <UniqueIdentifier>{67DA6AB6-F800-4c08-8B7A-83BB121AAD01}</UniqueIdentifier>
      <Extensions>rc;ico;cur;bmp;dlg;rc2;rct;bin;rgs;gif;jpg;jpeg;jpe;resx;tiff;tif;png;wav;mfcribbon-ms</Extensions>
    </Filter>
    <Filter Include="Source Files\Ledger">
      <UniqueIdentifier>{ab3098c0-510b-4c49-b52f-5ddc8aaa0c2b}</UniqueIdentifier>
    </Filter>
    <Filter Include="Source Files\SqlLiteCpp">
      <UniqueIdentifier>{6cca4cd9-bd3d-4c6e-bedd-79c92207fdf6}</UniqueIdentifier>
    </Filter>
    <Filter Include="Source Files\Network">
      <UniqueIdentifier>{67c8298f-0db3-48f9-a0bd-e033e29c6d43}</UniqueIdentifier>
    </Filter>
    <Filter Include="Source Files\Utils">
      <UniqueIdentifier>{af185072-9189-45c9-8631-ac2f5da02fae}</UniqueIdentifier>
    </Filter>
    <Filter Include="Source Files\Protocol">
      <UniqueIdentifier>{30f3a4c0-31a8-45ba-a9e6-2f4f9ff6e14c}</UniqueIdentifier>
    </Filter>
    <Filter Include="Source Files\Transaction">
      <UniqueIdentifier>{f108a1ab-73df-4030-af60-e49d2c246ab8}</UniqueIdentifier>
    </Filter>
    <Filter Include="Source Files\ed25519">
      <UniqueIdentifier>{26fc71b5-e47f-471d-b2e2-959b16d9b437}</UniqueIdentifier>
    </Filter>
  </ItemGroup>
  <ItemGroup>
    <Text Include="ReadMe.txt" />
  </ItemGroup>
  <ItemGroup>
    <ClInclude Include="stdafx.h">
      <Filter>Header Files</Filter>
    </ClInclude>
    <ClInclude Include="resource.h">
      <Filter>Header Files</Filter>
    </ClInclude>
    <ClInclude Include="LedgerHandler.h">
      <Filter>Source Files\Ledger</Filter>
    </ClInclude>
    <ClInclude Include="..\TNET_UI\Sources\SQLiteCpp\CppSQLite3.h">
      <Filter>Source Files\SqlLiteCpp</Filter>
    </ClInclude>
    <ClInclude Include="..\TNET_UI\Sources\SQLiteCpp\sqlite3.h">
      <Filter>Source Files\SqlLiteCpp</Filter>
    </ClInclude>
    <ClInclude Include="Network.h">
      <Filter>Source Files\Network</Filter>
    </ClInclude>
    <ClInclude Include="TCPClientData.h">
      <Filter>Source Files\Network</Filter>
    </ClInclude>
    <ClInclude Include="Constants2.h">
      <Filter>Source Files\Ledger</Filter>
    </ClInclude>
    <ClInclude Include="BalanceType.h">
      <Filter>Source Files\Ledger</Filter>
    </ClInclude>
    <ClInclude Include="..\TNET_UI\Sources\Base64_2.h">
      <Filter>Source Files\Utils</Filter>
    </ClInclude>
    <ClInclude Include="MainForm2.h">
      <Filter>Header Files</Filter>
    </ClInclude>
    <ClInclude Include="..\TNET_UI\Sources\Utils.h">
      <Filter>Source Files\Utils</Filter>
    </ClInclude>
    <ClInclude Include="..\TNET_UI\Sources\Base64.h">
      <Filter>Source Files\Utils</Filter>
    </ClInclude>
    <ClInclude Include="..\TNET_UI\Sources\ProtocolPackager.h">
      <Filter>Source Files\Protocol</Filter>
    </ClInclude>
    <ClInclude Include="..\TNET_UI\Sources\SerializableBase.h">
      <Filter>Source Files\Protocol</Filter>
    </ClInclude>
    <ClInclude Include="..\TNET_UI\Sources\Conversions.h">
      <Filter>Source Files\Utils</Filter>
    </ClInclude>
    <ClInclude Include="..\TNET_UI\Sources\TransactionContent.h">
      <Filter>Source Files\Transaction</Filter>
    </ClInclude>
    <ClInclude Include="..\TNET_UI\Sources\TransactionSink.h">
      <Filter>Source Files\Transaction</Filter>
    </ClInclude>
    <ClInclude Include="..\TNET_UI\Sources\ed25519\ed25519.h">
      <Filter>Source Files\ed25519</Filter>
    </ClInclude>
    <ClInclude Include="..\TNET_UI\Sources\ed25519\fe.h">
      <Filter>Source Files\ed25519</Filter>
    </ClInclude>
    <ClInclude Include="..\TNET_UI\Sources\ed25519\fixedint_.h">
      <Filter>Source Files\ed25519</Filter>
    </ClInclude>
    <ClInclude Include="..\TNET_UI\Sources\ed25519\ge.h">
      <Filter>Source Files\ed25519</Filter>
    </ClInclude>
    <ClInclude Include="..\TNET_UI\Sources\ed25519\precomp_data.h">
      <Filter>Source Files\ed25519</Filter>
    </ClInclude>
    <ClInclude Include="..\TNET_UI\Sources\ed25519\sc.h">
      <Filter>Source Files\ed25519</Filter>
    </ClInclude>
    <ClInclude Include="..\TNET_UI\Sources\ed25519\sha512.h">
      <Filter>Source Files\ed25519</Filter>
    </ClInclude>
    <ClInclude Include="..\TNET_UI\Sources\Hash.h">
      <Filter>Source Files\Utils</Filter>
    </ClInclude>
  </ItemGroup>
  <ItemGroup>
    <ResourceCompile Include="app.rc">
      <Filter>Resource Files</Filter>
    </ResourceCompile>
  </ItemGroup>
  <ItemGroup>
    <ClCompile Include="TnetServerPrototype.cpp">
      <Filter>Source Files</Filter>
    </ClCompile>
    <ClCompile Include="AssemblyInfo.cpp">
      <Filter>Source Files</Filter>
    </ClCompile>
    <ClCompile Include="stdafx.cpp">
      <Filter>Source Files</Filter>
    </ClCompile>
    <ClCompile Include="LedgerHandler.cpp">
      <Filter>Source Files\Ledger</Filter>
    </ClCompile>
    <ClCompile Include="..\TNET_UI\Sources\SQLiteCpp\CppSQLite3.cpp">
      <Filter>Source Files\SqlLiteCpp</Filter>
    </ClCompile>
    <ClCompile Include="Network.cpp">
      <Filter>Source Files\Network</Filter>
    </ClCompile>
    <ClCompile Include="TCPClientData.cpp">
      <Filter>Source Files\Network</Filter>
    </ClCompile>
    <ClCompile Include="Constants2.cpp">
      <Filter>Source Files\Ledger</Filter>
    </ClCompile>
    <ClCompile Include="BalanceType.cpp">
      <Filter>Source Files\Ledger</Filter>
    </ClCompile>
    <ClCompile Include="..\TNET_UI\Sources\Base64_2.cpp">
      <Filter>Source Files\Utils</Filter>
    </ClCompile>
    <ClCompile Include="Program.cpp">
      <Filter>Source Files</Filter>
    </ClCompile>
    <ClCompile Include="MainForm2.cpp">
      <Filter>Header Files</Filter>
    </ClCompile>
    <ClCompile Include="..\TNET_UI\Sources\Utils.cpp">
      <Filter>Source Files\Utils</Filter>
    </ClCompile>
    <ClCompile Include="..\TNET_UI\Sources\Base64.cpp">
      <Filter>Source Files\Utils</Filter>
    </ClCompile>
    <ClCompile Include="..\TNET_UI\Sources\ProtocolPackager.cpp">
      <Filter>Source Files\Protocol</Filter>
    </ClCompile>
    <ClCompile Include="..\TNET_UI\Sources\SerializableBase.cpp">
      <Filter>Source Files\Protocol</Filter>
    </ClCompile>
    <ClCompile Include="..\TNET_UI\Sources\Conversions.cpp">
      <Filter>Source Files\Utils</Filter>
    </ClCompile>
    <ClCompile Include="..\TNET_UI\Sources\TransactionContent.cpp">
      <Filter>Source Files\Transaction</Filter>
    </ClCompile>
    <ClCompile Include="..\TNET_UI\Sources\TransactionSink.cpp">
      <Filter>Source Files\Transaction</Filter>
    </ClCompile>
    <ClCompile Include="..\TNET_UI\Sources\ed25519\add_scalar.cpp">
      <Filter>Source Files\ed25519</Filter>
    </ClCompile>
    <ClCompile Include="..\TNET_UI\Sources\ed25519\fe.cpp">
      <Filter>Source Files\ed25519</Filter>
    </ClCompile>
    <ClCompile Include="..\TNET_UI\Sources\ed25519\ge.cpp">
      <Filter>Source Files\ed25519</Filter>
    </ClCompile>
    <ClCompile Include="..\TNET_UI\Sources\ed25519\key_exchange.cpp">
      <Filter>Source Files\ed25519</Filter>
    </ClCompile>
    <ClCompile Include="..\TNET_UI\Sources\ed25519\keypair.cpp">
      <Filter>Source Files\ed25519</Filter>
    </ClCompile>
    <ClCompile Include="..\TNET_UI\Sources\ed25519\sc.cpp">
      <Filter>Source Files\ed25519</Filter>
    </ClCompile>
    <ClCompile Include="..\TNET_UI\Sources\ed25519\seed.cpp">
      <Filter>Source Files\ed25519</Filter>
    </ClCompile>
    <ClCompile Include="..\TNET_UI\Sources\ed25519\sha512.cpp">
      <Filter>Source Files\ed25519</Filter>
    </ClCompile>
    <ClCompile Include="..\TNET_UI\Sources\ed25519\sign.cpp">
      <Filter>Source Files\ed25519</Filter>
    </ClCompile>
    <ClCompile Include="..\TNET_UI\Sources\ed25519\test_ec.cpp">
      <Filter>Source Files\ed25519</Filter>
    </ClCompile>
    <ClCompile Include="..\TNET_UI\Sources\ed25519\verify.cpp">
      <Filter>Source Files\ed25519</Filter>
    </ClCompile>
    <ClCompile Include="..\TNET_UI\Sources\Hash.cpp">
      <Filter>Source Files\Utils</Filter>
    </ClCompile>
  </ItemGroup>
  <ItemGroup>
    <Image Include="app.ico">
      <Filter>Resource Files</Filter>
    </Image>
  </ItemGroup>
  <ItemGroup>
    <EmbeddedResource Include="MainForm2.resx">
      <Filter>Resource Files</Filter>
    </EmbeddedResource>
  </ItemGroup>
</Project>