
Microsoft Visual Studio Solution File, Format Version 12.00
# Visual Studio 2013
VisualStudioVersion = 12.0.30501.0
MinimumVisualStudioVersion = 10.0.40219.1
Project("{8BC9CEB8-8B4A-11D0-8D11-00A0C91BC942}") = "TNET VALIDATOR", "TNET_UI\TNET_UI.vcxproj", "{D50E2194-BB3D-4A27-AEE4-3303ED85D229}"
EndProject
Project("{8BC9CEB8-8B4A-11D0-8D11-00A0C91BC942}") = "TNET VALIDATOR CLR", "TNET VALIDATOR CLR\TNET VALIDATOR CLR.vcxproj", "{64C83478-4F5D-4096-B68B-31B27330FB62}"
EndProject
Global
	GlobalSection(SolutionConfigurationPlatforms) = preSolution
		Debug|Any CPU = Debug|Any CPU
		Debug|ARM = Debug|ARM
		Debug|Mixed Platforms = Debug|Mixed Platforms
		Debug|Win32 = Debug|Win32
		Debug|x64 = Debug|x64
		Release|Any CPU = Release|Any CPU
		Release|ARM = Release|ARM
		Release|Mixed Platforms = Release|Mixed Platforms
		Release|Win32 = Release|Win32
		Release|x64 = Release|x64
	EndGlobalSection
	GlobalSection(ProjectConfigurationPlatforms) = postSolution
		{D50E2194-BB3D-4A27-AEE4-3303ED85D229}.Debug|Any CPU.ActiveCfg = Debug|Win32
		{D50E2194-BB3D-4A27-AEE4-3303ED85D229}.Debug|ARM.ActiveCfg = Debug|ARM
		{D50E2194-BB3D-4A27-AEE4-3303ED85D229}.Debug|ARM.Build.0 = Debug|ARM
		{D50E2194-BB3D-4A27-AEE4-3303ED85D229}.Debug|ARM.Deploy.0 = Debug|ARM
		{D50E2194-BB3D-4A27-AEE4-3303ED85D229}.Debug|Mixed Platforms.ActiveCfg = Debug|Win32
		{D50E2194-BB3D-4A27-AEE4-3303ED85D229}.Debug|Mixed Platforms.Build.0 = Debug|Win32
		{D50E2194-BB3D-4A27-AEE4-3303ED85D229}.Debug|Mixed Platforms.Deploy.0 = Debug|Win32
		{D50E2194-BB3D-4A27-AEE4-3303ED85D229}.Debug|Win32.ActiveCfg = Debug|Win32
		{D50E2194-BB3D-4A27-AEE4-3303ED85D229}.Debug|Win32.Build.0 = Debug|Win32
		{D50E2194-BB3D-4A27-AEE4-3303ED85D229}.Debug|Win32.Deploy.0 = Debug|Win32
		{D50E2194-BB3D-4A27-AEE4-3303ED85D229}.Debug|x64.ActiveCfg = Debug|x64
		{D50E2194-BB3D-4A27-AEE4-3303ED85D229}.Debug|x64.Build.0 = Debug|x64
		{D50E2194-BB3D-4A27-AEE4-3303ED85D229}.Debug|x64.Deploy.0 = Debug|x64
		{D50E2194-BB3D-4A27-AEE4-3303ED85D229}.Release|Any CPU.ActiveCfg = Release|Win32
		{D50E2194-BB3D-4A27-AEE4-3303ED85D229}.Release|ARM.ActiveCfg = Release|ARM
		{D50E2194-BB3D-4A27-AEE4-3303ED85D229}.Release|ARM.Build.0 = Release|ARM
		{D50E2194-BB3D-4A27-AEE4-3303ED85D229}.Release|ARM.Deploy.0 = Release|ARM
		{D50E2194-BB3D-4A27-AEE4-3303ED85D229}.Release|Mixed Platforms.ActiveCfg = Release|Win32
		{D50E2194-BB3D-4A27-AEE4-3303ED85D229}.Release|Mixed Platforms.Build.0 = Release|Win32
		{D50E2194-BB3D-4A27-AEE4-3303ED85D229}.Release|Mixed Platforms.Deploy.0 = Release|Win32
		{D50E2194-BB3D-4A27-AEE4-3303ED85D229}.Release|Win32.ActiveCfg = Release|Win32
		{D50E2194-BB3D-4A27-AEE4-3303ED85D229}.Release|Win32.Build.0 = Release|Win32
		{D50E2194-BB3D-4A27-AEE4-3303ED85D229}.Release|Win32.Deploy.0 = Release|Win32
		{D50E2194-BB3D-4A27-AEE4-3303ED85D229}.Release|x64.ActiveCfg = Release|x64
		{D50E2194-BB3D-4A27-AEE4-3303ED85D229}.Release|x64.Build.0 = Release|x64
		{D50E2194-BB3D-4A27-AEE4-3303ED85D229}.Release|x64.Deploy.0 = Release|x64
		{64C83478-4F5D-4096-B68B-31B27330FB62}.Debug|Any CPU.ActiveCfg = Debug|Win32
		{64C83478-4F5D-4096-B68B-31B27330FB62}.Debug|ARM.ActiveCfg = Debug|Win32
		{64C83478-4F5D-4096-B68B-31B27330FB62}.Debug|Mixed Platforms.ActiveCfg = Debug|Win32
		{64C83478-4F5D-4096-B68B-31B27330FB62}.Debug|Mixed Platforms.Build.0 = Debug|Win32
		{64C83478-4F5D-4096-B68B-31B27330FB62}.Debug|Win32.ActiveCfg = Debug|Win32
		{64C83478-4F5D-4096-B68B-31B27330FB62}.Debug|Win32.Build.0 = Debug|Win32
		{64C83478-4F5D-4096-B68B-31B27330FB62}.Debug|x64.ActiveCfg = Debug|Win32
		{64C83478-4F5D-4096-B68B-31B27330FB62}.Release|Any CPU.ActiveCfg = Release|Win32
		{64C83478-4F5D-4096-B68B-31B27330FB62}.Release|ARM.ActiveCfg = Release|Win32
		{64C83478-4F5D-4096-B68B-31B27330FB62}.Release|Mixed Platforms.ActiveCfg = Release|Win32
		{64C83478-4F5D-4096-B68B-31B27330FB62}.Release|Mixed Platforms.Build.0 = Release|Win32
		{64C83478-4F5D-4096-B68B-31B27330FB62}.Release|Win32.ActiveCfg = Release|Win32
		{64C83478-4F5D-4096-B68B-31B27330FB62}.Release|Win32.Build.0 = Release|Win32
		{64C83478-4F5D-4096-B68B-31B27330FB62}.Release|x64.ActiveCfg = Release|Win32
	EndGlobalSection
	GlobalSection(SolutionProperties) = preSolution
		HideSolutionNode = FALSE
	EndGlobalSection
EndGlobal
