<?xml version="1.0" encoding="utf-8"?>
<Project ToolsVersion="12.0" xmlns="http://schemas.microsoft.com/developer/msbuild/2003">
  <ItemGroup>
    <Filter Include="Common">
      <UniqueIdentifier>d50e2194-bb3d-4a27-aee4-3303ed85d229</UniqueIdentifier>
    </Filter>
    <Filter Include="Assets">
      <UniqueIdentifier>f3cf5eff-57dc-46be-b049-fed75f1b7ea0</UniqueIdentifier>
      <Extensions>bmp;fbx;gif;jpg;jpeg;tga;tiff;tif;png</Extensions>
    </Filter>
    <Filter Include="DataModel">
      <UniqueIdentifier>9819f2c4-f431-43fc-9013-8a2c66848e9b</UniqueIdentifier>
    </Filter>
    <None Include="Common\ReadMe.txt">
      <Filter>Common</Filter>
    </None>
    <ClCompile Include="Common\NavigationHelper.cpp">
      <Filter>Common</Filter>
    </ClCompile>
    <ClCompile Include="Common\RelayCommand.cpp">
      <Filter>Common</Filter>
    </ClCompile>
    <ClCompile Include="Common\SuspensionManager.cpp">
      <Filter>Common</Filter>
    </ClCompile>
    <ClInclude Include="Common\NavigationHelper.h">
      <Filter>Common</Filter>
    </ClInclude>
    <ClInclude Include="Common\RelayCommand.h">
      <Filter>Common</Filter>
    </ClInclude>
    <ClInclude Include="Common\SuspensionManager.h">
      <Filter>Common</Filter>
    </ClInclude>
    <Image Include="Assets\Logo.scale-100.png">
      <Filter>Assets</Filter>
    </Image>
    <Image Include="Assets\SmallLogo.scale-100.png">
      <Filter>Assets</Filter>
    </Image>
    <Image Include="Assets\StoreLogo.scale-100.png">
      <Filter>Assets</Filter>
    </Image>
    <Image Include="Assets\SplashScreen.scale-100.png">
      <Filter>Assets</Filter>
    </Image>
    <Image Include="Assets\LightGray.png">
      <Filter>Assets</Filter>
    </Image>
    <Image Include="Assets\MediumGray.png">
      <Filter>Assets</Filter>
    </Image>
    <Image Include="Assets\DarkGray.png">
      <Filter>Assets</Filter>
    </Image>
    <ClCompile Include="DataModel\SampleDataSource.cpp">
      <Filter>DataModel</Filter>
    </ClCompile>
    <ClInclude Include="DataModel\SampleDataSource.h">
      <Filter>DataModel</Filter>
    </ClInclude>
    <Text Include="DataModel\SampleData.json">
      <Filter>DataModel</Filter>
    </Text>
    <Filter Include="Sources">
      <UniqueIdentifier>{eeb114f4-add9-4fb0-9e75-6429a392f7d9}</UniqueIdentifier>
    </Filter>
    <Filter Include="Sources\ed25519">
      <UniqueIdentifier>{bf52870f-7e73-49ad-b869-4f8c2945dbb6}</UniqueIdentifier>
    </Filter>
    <Filter Include="Sources\HashTree">
      <UniqueIdentifier>{bdfadfaa-08a3-4c47-88af-340e3c53fa89}</UniqueIdentifier>
    </Filter>
    <Filter Include="Sources\Utils">
      <UniqueIdentifier>{42ba9855-4a1f-4acf-92f0-48e3a22b2dbd}</UniqueIdentifier>
    </Filter>
    <Filter Include="Sources\Core">
      <UniqueIdentifier>{3ce4b333-67a7-41f4-b0e7-b0daff780f4c}</UniqueIdentifier>
    </Filter>
    <Filter Include="Sources\Routing">
      <UniqueIdentifier>{a6c47d2f-f29c-4b26-9755-ee46db2b5000}</UniqueIdentifier>
    </Filter>
    <Filter Include="Sources\Transactions">
      <UniqueIdentifier>{97a29d34-7b81-4007-84c2-da5f3efec03f}</UniqueIdentifier>
    </Filter>
    <Filter Include="Sources\Ledger">
      <UniqueIdentifier>{523dd558-9d2d-49f3-b36b-86548e5c8991}</UniqueIdentifier>
    </Filter>
    <Filter Include="Sources\Sources">
      <UniqueIdentifier>{db812193-65ff-442f-bb95-1951019c5fa4}</UniqueIdentifier>
    </Filter>
  </ItemGroup>
  <ItemGroup>
    <ApplicationDefinition Include="App.xaml" />
  </ItemGroup>
  <ItemGroup>
    <ClCompile Include="App.xaml.cpp" />
    <ClCompile Include="ItemsPage.xaml.cpp" />
    <ClCompile Include="SplitPage.xaml.cpp" />
    <ClCompile Include="Sources\BaseNetwork.cpp">
      <Filter>Sources</Filter>
    </ClCompile>
    <ClCompile Include="Sources\CandidateSet.cpp">
      <Filter>Sources</Filter>
    </ClCompile>
    <ClCompile Include="Sources\CyptoTest.cpp">
      <Filter>Sources</Filter>
    </ClCompile>
    <ClCompile Include="Sources\ECTest.cpp">
      <Filter>Sources</Filter>
    </ClCompile>
    <ClCompile Include="Sources\main1.cpp">
      <Filter>Sources</Filter>
    </ClCompile>
    <ClCompile Include="Sources\main1_.cpp">
      <Filter>Sources</Filter>
    </ClCompile>
    <ClCompile Include="Sources\PrivateKeyManage.cpp">
      <Filter>Sources</Filter>
    </ClCompile>
    <ClCompile Include="Sources\SQLiteTest.cpp">
      <Filter>Sources</Filter>
    </ClCompile>
    <ClCompile Include="Sources\UserDataHandler.cpp">
      <Filter>Sources</Filter>
    </ClCompile>
    <ClCompile Include="Sources\UserDataMapHandler.cpp">
      <Filter>Sources</Filter>
    </ClCompile>
    <ClCompile Include="Sources\ed25519\add_scalar.cpp">
      <Filter>Sources\ed25519</Filter>
    </ClCompile>
    <ClCompile Include="Sources\ed25519\fe.cpp">
      <Filter>Sources\ed25519</Filter>
    </ClCompile>
    <ClCompile Include="Sources\ed25519\ge.cpp">
      <Filter>Sources\ed25519</Filter>
    </ClCompile>
    <ClCompile Include="Sources\ed25519\key_exchange.cpp">
      <Filter>Sources\ed25519</Filter>
    </ClCompile>
    <ClCompile Include="Sources\ed25519\keypair.cpp">
      <Filter>Sources\ed25519</Filter>
    </ClCompile>
    <ClCompile Include="Sources\ed25519\sc.cpp">
      <Filter>Sources\ed25519</Filter>
    </ClCompile>
    <ClCompile Include="Sources\ed25519\seed.cpp">
      <Filter>Sources\ed25519</Filter>
    </ClCompile>
    <ClCompile Include="Sources\ed25519\sha512.cpp">
      <Filter>Sources\ed25519</Filter>
    </ClCompile>
    <ClCompile Include="Sources\ed25519\sign.cpp">
      <Filter>Sources\ed25519</Filter>
    </ClCompile>
    <ClCompile Include="Sources\ed25519\test_ec.cpp">
      <Filter>Sources\ed25519</Filter>
    </ClCompile>
    <ClCompile Include="Sources\ed25519\verify.cpp">
      <Filter>Sources\ed25519</Filter>
    </ClCompile>
    <ClCompile Include="Sources\Base64.cpp">
      <Filter>Sources\Utils</Filter>
    </ClCompile>
    <ClCompile Include="Sources\Hash.cpp">
      <Filter>Sources\Utils</Filter>
    </ClCompile>
    <ClCompile Include="Sources\Utils.cpp">
      <Filter>Sources\Utils</Filter>
    </ClCompile>
    <ClCompile Include="Sources\OnionConnectionEstablish.cpp">
      <Filter>Sources\Routing</Filter>
    </ClCompile>
    <ClCompile Include="Sources\OnionNodeList.cpp">
      <Filter>Sources\Routing</Filter>
    </ClCompile>
    <ClCompile Include="Sources\OnionPack.cpp">
      <Filter>Sources\Routing</Filter>
    </ClCompile>
    <ClCompile Include="Sources\CreditDebitData.cpp">
      <Filter>Sources\Transactions</Filter>
    </ClCompile>
    <ClCompile Include="Sources\TransactionContent.cpp">
      <Filter>Sources\Transactions</Filter>
    </ClCompile>
    <ClCompile Include="Sources\TransactionSink.cpp">
      <Filter>Sources\Transactions</Filter>
    </ClCompile>
    <ClCompile Include="SimulationPage.xaml.cpp" />
    <ClCompile Include="Sources\Ledger.cpp">
      <Filter>Sources\Ledger</Filter>
    </ClCompile>
    <ClCompile Include="Sources\LedgerFileHandler.cpp">
      <Filter>Sources\Ledger</Filter>
    </ClCompile>
    <ClCompile Include="Sources\AccountInfo.cpp">
      <Filter>Sources\Ledger</Filter>
    </ClCompile>
    <ClCompile Include="Sources\TreeNodeX.cpp">
      <Filter>Sources\HashTree</Filter>
    </ClCompile>
    <ClCompile Include="Sources\Constants.cpp">
      <Filter>Sources\Utils</Filter>
    </ClCompile>
    <ClCompile Include="Sources\FakeNetwork.cpp" />
    <ClCompile Include="Sources\FakeSocket.cpp" />
    <ClCompile Include="Sources\Node.cpp" />
    <ClCompile Include="Sources\Point2.cpp" />
    <ClCompile Include="Sources\ProtocolPackager.cpp" />
    <ClCompile Include="Sources\Simulator.cpp" />
    <ClCompile Include="Sources\Timer.cpp" />
    <ClCompile Include="Sources\TreeLevelDataType.cpp" />
  </ItemGroup>
  <ItemGroup>
    <ClInclude Include="pch.h" />
    <ClInclude Include="App.xaml.h" />
    <ClInclude Include="ItemsPage.xaml.h" />
    <ClInclude Include="SplitPage.xaml.h" />
    <ClInclude Include="Sources\BaseNetwork.h">
      <Filter>Sources</Filter>
    </ClInclude>
    <ClInclude Include="Sources\CandidateSet.h">
      <Filter>Sources</Filter>
    </ClInclude>
    <ClInclude Include="Sources\PrivateKeyManage.h">
      <Filter>Sources</Filter>
    </ClInclude>
    <ClInclude Include="Sources\Structs.h">
      <Filter>Sources</Filter>
    </ClInclude>
    <ClInclude Include="Sources\UserDataHandler.h">
      <Filter>Sources</Filter>
    </ClInclude>
    <ClInclude Include="Sources\UserDataMapHandler.h">
      <Filter>Sources</Filter>
    </ClInclude>
    <ClInclude Include="Sources\ed25519\ed25519.h">
      <Filter>Sources\ed25519</Filter>
    </ClInclude>
    <ClInclude Include="Sources\ed25519\fe.h">
      <Filter>Sources\ed25519</Filter>
    </ClInclude>
    <ClInclude Include="Sources\ed25519\fixedint_.h">
      <Filter>Sources\ed25519</Filter>
    </ClInclude>
    <ClInclude Include="Sources\ed25519\ge.h">
      <Filter>Sources\ed25519</Filter>
    </ClInclude>
    <ClInclude Include="Sources\ed25519\precomp_data.h">
      <Filter>Sources\ed25519</Filter>
    </ClInclude>
    <ClInclude Include="Sources\ed25519\sc.h">
      <Filter>Sources\ed25519</Filter>
    </ClInclude>
    <ClInclude Include="Sources\ed25519\sha512.h">
      <Filter>Sources\ed25519</Filter>
    </ClInclude>
    <ClInclude Include="Sources\HashTree.h">
      <Filter>Sources\HashTree</Filter>
    </ClInclude>
    <ClInclude Include="Sources\Base64.h">
      <Filter>Sources\Utils</Filter>
    </ClInclude>
    <ClInclude Include="Sources\Hash.h">
      <Filter>Sources\Utils</Filter>
    </ClInclude>
    <ClInclude Include="Sources\Utils.h">
      <Filter>Sources\Utils</Filter>
    </ClInclude>
    <ClInclude Include="Sources\OnionConnectionEstablish.h">
      <Filter>Sources\Routing</Filter>
    </ClInclude>
    <ClInclude Include="Sources\OnionNodeList.h">
      <Filter>Sources\Routing</Filter>
    </ClInclude>
    <ClInclude Include="Sources\OnionPack.h">
      <Filter>Sources\Routing</Filter>
    </ClInclude>
    <ClInclude Include="Sources\TreeLeafNode.h">
      <Filter>Sources\HashTree</Filter>
    </ClInclude>
    <ClInclude Include="Sources\CreditDebitData.h">
      <Filter>Sources\Transactions</Filter>
    </ClInclude>
    <ClInclude Include="Sources\TransactionContent.h">
      <Filter>Sources\Transactions</Filter>
    </ClInclude>
    <ClInclude Include="Sources\TransactionSink.h">
      <Filter>Sources\Transactions</Filter>
    </ClInclude>
    <ClInclude Include="SimulationPage.xaml.h" />
    <ClInclude Include="Sources\Ledger.h">
      <Filter>Sources\Ledger</Filter>
    </ClInclude>
    <ClInclude Include="Sources\LedgerFileHandler.h">
      <Filter>Sources\Ledger</Filter>
    </ClInclude>
    <ClInclude Include="Sources\AccountInfo.h">
      <Filter>Sources\Ledger</Filter>
    </ClInclude>
    <ClInclude Include="Sources\TreeNodeX.h">
      <Filter>Sources\HashTree</Filter>
    </ClInclude>
    <ClInclude Include="Sources\Constants.h">
      <Filter>Sources\Utils</Filter>
    </ClInclude>
    <ClInclude Include="Sources\Consensus.h" />
    <ClInclude Include="Sources\FakeNetwork.h" />
    <ClInclude Include="Sources\FakeSocket.h" />
    <ClInclude Include="Sources\Node.h" />
    <ClInclude Include="Sources\Point2.h" />
    <ClInclude Include="Sources\ProtocolPackager.h" />
    <ClInclude Include="Sources\Signal.h" />
    <ClInclude Include="Sources\Simulator.h" />
    <ClInclude Include="Sources\Timer.h" />
    <ClInclude Include="Sources\TransactionSetType.h" />
    <ClInclude Include="Sources\TreeLevelDataType.h" />
  </ItemGroup>
  <ItemGroup>
    <AppxManifest Include="Package.appxmanifest" />
  </ItemGroup>
  <ItemGroup>
    <None Include="TNET_UI_TemporaryKey.pfx" />
  </ItemGroup>
  <ItemGroup>
    <Page Include="ItemsPage.xaml" />
    <Page Include="SplitPage.xaml" />
    <Page Include="SimulationPage.xaml" />
  </ItemGroup>
</Project>